Microsoft Visual Studio Solution File, Format Version 10.00
# Visual Studio 2008
Project("{2150E333-8FDC-42A3-9474-1A3956D46DE8}") = "Solution Items", "Solution Items", "{58C1DE03-4993-4CF9-8B85-448394D5B4E9}"
EndProject
Project("{8BC9CEB8-8B4A-11D0-8D11-00A0C91BC942}") = "vrsCore_DLL", "vrsCore_dll\vrsCore_DLL.vcproj", "{B60A960E-7989-47A2-98AD-7A25E63DC15C}"
	ProjectSection(ProjectDependencies) = postProject
		{1571BE90-13E4-4260-8674-53E652C07B35} = {1571BE90-13E4-4260-8674-53E652C07B35}
		{299D13B6-AF36-4AC4-A580-E04CC1521BEB} = {299D13B6-AF36-4AC4-A580-E04CC1521BEB}
	EndProjectSection
EndProject
Project("{8BC9CEB8-8B4A-11D0-8D11-00A0C91BC942}") = "VRSim_Exe", "VRSim_exe\VRSim_Exe.vcproj", "{4B55B188-6AA2-47B2-8D5D-6EBE467489BD}"
	ProjectSection(ProjectDependencies) = postProject
		{1571BE90-13E4-4260-8674-53E652C07B35} = {1571BE90-13E4-4260-8674-53E652C07B35}
		{299D13B6-AF36-4AC4-A580-E04CC1521BEB} = {299D13B6-AF36-4AC4-A580-E04CC1521BEB}
	EndProjectSection
EndProject
Project("{8BC9CEB8-8B4A-11D0-8D11-00A0C91BC942}") = "vrsUtil_DLL", "vrsUtil_DLL\vrsUtil_DLL.vcproj", "{299D13B6-AF36-4AC4-A580-E04CC1521BEB}"
	ProjectSection(ProjectDependencies) = postProject
		{1571BE90-13E4-4260-8674-53E652C07B35} = {1571BE90-13E4-4260-8674-53E652C07B35}
	EndProjectSection
EndProject
Project("{2150E333-8FDC-42A3-9474-1A3956D46DE8}") = "VRSim Core", "VRSim Core", "{0420F4BF-11E6-4C2E-AE45-DB6B039DC558}"
EndProject
Project("{8BC9CEB8-8B4A-11D0-8D11-00A0C91BC942}") = "vrsVersionCTR", "vrsVersionCTR\vrsVersionCTR.vcproj", "{1571BE90-13E4-4260-8674-53E652C07B35}"
EndProject
Project("{8BC9CEB8-8B4A-11D0-8D11-00A0C91BC942}") = "ALL_BUILD", "ALL_BUILD\ALL_BUILD.vcproj", "{73AF9EEE-F671-421B-800A-ACD8D10C7326}"
	ProjectSection(ProjectDependencies) = postProject
		{B60A960E-7989-47A2-98AD-7A25E63DC15C} = {B60A960E-7989-47A2-98AD-7A25E63DC15C}
		{4B55B188-6AA2-47B2-8D5D-6EBE467489BD} = {4B55B188-6AA2-47B2-8D5D-6EBE467489BD}
		{1571BE90-13E4-4260-8674-53E652C07B35} = {1571BE90-13E4-4260-8674-53E652C07B35}
		{299D13B6-AF36-4AC4-A580-E04CC1521BEB} = {299D13B6-AF36-4AC4-A580-E04CC1521BEB}
	EndProjectSection
EndProject
Global
	GlobalSection(SolutionConfigurationPlatforms) = preSolution
		Debug|Win32 = Debug|Win32
		Release|Win32 = Release|Win32
	EndGlobalSection
	GlobalSection(ProjectConfigurationPlatforms) = postSolution
		{B60A960E-7989-47A2-98AD-7A25E63DC15C}.Debug|Win32.ActiveCfg = Debug|Win32
		{B60A960E-7989-47A2-98AD-7A25E63DC15C}.Debug|Win32.Build.0 = Debug|Win32
		{B60A960E-7989-47A2-98AD-7A25E63DC15C}.Release|Win32.ActiveCfg = Release|Win32
		{B60A960E-7989-47A2-98AD-7A25E63DC15C}.Release|Win32.Build.0 = Release|Win32
		{4B55B188-6AA2-47B2-8D5D-6EBE467489BD}.Debug|Win32.ActiveCfg = Debug|Win32
		{4B55B188-6AA2-47B2-8D5D-6EBE467489BD}.Debug|Win32.Build.0 = Debug|Win32
		{4B55B188-6AA2-47B2-8D5D-6EBE467489BD}.Release|Win32.ActiveCfg = Release|Win32
		{4B55B188-6AA2-47B2-8D5D-6EBE467489BD}.Release|Win32.Build.0 = Release|Win32
		{299D13B6-AF36-4AC4-A580-E04CC1521BEB}.Debug|Win32.ActiveCfg = Debug|Win32
		{299D13B6-AF36-4AC4-A580-E04CC1521BEB}.Debug|Win32.Build.0 = Debug|Win32
		{299D13B6-AF36-4AC4-A580-E04CC1521BEB}.Release|Win32.ActiveCfg = Release|Win32
		{299D13B6-AF36-4AC4-A580-E04CC1521BEB}.Release|Win32.Build.0 = Release|Win32
		{1571BE90-13E4-4260-8674-53E652C07B35}.Debug|Win32.ActiveCfg = Debug|Win32
		{1571BE90-13E4-4260-8674-53E652C07B35}.Debug|Win32.Build.0 = Debug|Win32
		{1571BE90-13E4-4260-8674-53E652C07B35}.Release|Win32.ActiveCfg = Release|Win32
		{1571BE90-13E4-4260-8674-53E652C07B35}.Release|Win32.Build.0 = Release|Win32
		{73AF9EEE-F671-421B-800A-ACD8D10C7326}.Debug|Win32.ActiveCfg = Debug|Win32
		{73AF9EEE-F671-421B-800A-ACD8D10C7326}.Debug|Win32.Build.0 = Debug|Win32
		{73AF9EEE-F671-421B-800A-ACD8D10C7326}.Release|Win32.ActiveCfg = Release|Win32
		{73AF9EEE-F671-421B-800A-ACD8D10C7326}.Release|Win32.Build.0 = Release|Win32
	EndGlobalSection
	GlobalSection(SolutionProperties) = preSolution
		HideSolutionNode = FALSE
	EndGlobalSection
	GlobalSection(NestedProjects) = preSolution
		{0420F4BF-11E6-4C2E-AE45-DB6B039DC558} = {58C1DE03-4993-4CF9-8B85-448394D5B4E9}
		{4B55B188-6AA2-47B2-8D5D-6EBE467489BD} = {0420F4BF-11E6-4C2E-AE45-DB6B039DC558}
		{299D13B6-AF36-4AC4-A580-E04CC1521BEB} = {0420F4BF-11E6-4C2E-AE45-DB6B039DC558}
		{B60A960E-7989-47A2-98AD-7A25E63DC15C} = {0420F4BF-11E6-4C2E-AE45-DB6B039DC558}
		{1571BE90-13E4-4260-8674-53E652C07B35} = {0420F4BF-11E6-4C2E-AE45-DB6B039DC558}
		{73AF9EEE-F671-421B-800A-ACD8D10C7326} = {0420F4BF-11E6-4C2E-AE45-DB6B039DC558}
	EndGlobalSection
EndGlobal
