Microsoft Visual Studio Solution File, Format Version 10.00
# Visual Studio 2008
Project("{2150E333-8FDC-42A3-9474-1A3956D46DE8}") = "Solution Items", "Solution Items", "{58C1DE03-4993-4CF9-8B85-448394D5B4E9}"
EndProject
Project("{8BC9CEB8-8B4A-11D0-8D11-00A0C91BC942}") = "vrsCore_DLL", "vrsCore_dll\vrsCore_DLL.vcproj", "{B60A960E-7989-47A2-98AD-7A25E63DC15C}"
	ProjectSection(ProjectDependencies) = postProject
		{1571BE90-13E4-4260-8674-53E652C07B35} = {1571BE90-13E4-4260-8674-53E652C07B35}
		{299D13B6-AF36-4AC4-A580-E04CC1521BEB} = {299D13B6-AF36-4AC4-A580-E04CC1521BEB}
	EndProjectSection
EndProject
Project("{8BC9CEB8-8B4A-11D0-8D11-00A0C91BC942}") = "VRSim_Exe", "VRSim_exe\VRSim_Exe.vcproj", "{4B55B188-6AA2-47B2-8D5D-6EBE467489BD}"
	ProjectSection(ProjectDependencies) = postProject
		{1571BE90-13E4-4260-8674-53E652C07B35} = {1571BE90-13E4-4260-8674-53E652C07B35}
		{299D13B6-AF36-4AC4-A580-E04CC1521BEB} = {299D13B6-AF36-4AC4-A580-E04CC1521BEB}
	EndProjectSection
EndProject
Project("{8BC9CEB8-8B4A-11D0-8D11-00A0C91BC942}") = "vrsUFVG_DLL", "vrsUFVG_dll\vrsUFPG_dll.vcproj", "{65C34AD8-08E0-4D7F-A373-957D05989BBD}"
	ProjectSection(ProjectDependencies) = postProject
		{B60A960E-7989-47A2-98AD-7A25E63DC15C} = {B60A960E-7989-47A2-98AD-7A25E63DC15C}
		{4B55B188-6AA2-47B2-8D5D-6EBE467489BD} = {4B55B188-6AA2-47B2-8D5D-6EBE467489BD}
		{1544CEA3-1365-4482-A719-FF5C14BBAE29} = {1544CEA3-1365-4482-A719-FF5C14BBAE29}
		{299D13B6-AF36-4AC4-A580-E04CC1521BEB} = {299D13B6-AF36-4AC4-A580-E04CC1521BEB}
	EndProjectSection
EndProject
Project("{8BC9CEB8-8B4A-11D0-8D11-00A0C91BC942}") = "vrsUtil_DLL", "vrsUtil_DLL\vrsUtil_DLL.vcproj", "{299D13B6-AF36-4AC4-A580-E04CC1521BEB}"
	ProjectSection(ProjectDependencies) = postProject
		{1571BE90-13E4-4260-8674-53E652C07B35} = {1571BE90-13E4-4260-8674-53E652C07B35}
	EndProjectSection
EndProject
Project("{8BC9CEB8-8B4A-11D0-8D11-00A0C91BC942}") = "vrsNetCDFConv_Exe", "vrsNetCDFConv_exe\vrsNetCDFConvExe.vcproj", "{8768FEE1-E69F-4CF4-8AA4-ACC8A2E69889}"
	ProjectSection(ProjectDependencies) = postProject
		{65C34AD8-08E0-4D7F-A373-957D05989BBD} = {65C34AD8-08E0-4D7F-A373-957D05989BBD}
	EndProjectSection
EndProject
Project("{8BC9CEB8-8B4A-11D0-8D11-00A0C91BC942}") = "vrsCS586_DLL", "vrsCS586_DLL\vrsCS586_dll.vcproj", "{78FB8426-60E7-4B16-9D09-15EACEABD080}"
	ProjectSection(ProjectDependencies) = postProject
		{B60A960E-7989-47A2-98AD-7A25E63DC15C} = {B60A960E-7989-47A2-98AD-7A25E63DC15C}
	EndProjectSection
EndProject
Project("{8BC9CEB8-8B4A-11D0-8D11-00A0C91BC942}") = "vrsTracker_DLL", "vrsTracker_DLL\vrsTracker_dll.vcproj", "{27459990-B1AB-4081-9745-04D54D1263B8}"
	ProjectSection(ProjectDependencies) = postProject
		{B60A960E-7989-47A2-98AD-7A25E63DC15C} = {B60A960E-7989-47A2-98AD-7A25E63DC15C}
		{4B55B188-6AA2-47B2-8D5D-6EBE467489BD} = {4B55B188-6AA2-47B2-8D5D-6EBE467489BD}
	EndProjectSection
EndProject
Project("{8BC9CEB8-8B4A-11D0-8D11-00A0C91BC942}") = "vrsPicatinny_DLL", "vrsPicatinny_DLL\vrsPicatinny_dll.vcproj", "{E8802376-3E48-4911-9A68-B196F982DAE4}"
	ProjectSection(ProjectDependencies) = postProject
		{B60A960E-7989-47A2-98AD-7A25E63DC15C} = {B60A960E-7989-47A2-98AD-7A25E63DC15C}
		{4B55B188-6AA2-47B2-8D5D-6EBE467489BD} = {4B55B188-6AA2-47B2-8D5D-6EBE467489BD}
		{299D13B6-AF36-4AC4-A580-E04CC1521BEB} = {299D13B6-AF36-4AC4-A580-E04CC1521BEB}
	EndProjectSection
EndProject
Project("{2150E333-8FDC-42A3-9474-1A3956D46DE8}") = "VRSim Core", "VRSim Core", "{0420F4BF-11E6-4C2E-AE45-DB6B039DC558}"
EndProject
Project("{2150E333-8FDC-42A3-9474-1A3956D46DE8}") = "VRSim Modules", "VRSim Modules", "{703E982A-D0D7-4089-A826-0E31A521D952}"
EndProject
Project("{8BC9CEB8-8B4A-11D0-8D11-00A0C91BC942}") = "vrsWtrNoise_DLL", "vrsWtrNoise_DLL\vrsWtrNoise_dll.vcproj", "{8EF826EB-DB4A-4564-BCA1-F08B8EB26C5F}"
	ProjectSection(ProjectDependencies) = postProject
		{4B55B188-6AA2-47B2-8D5D-6EBE467489BD} = {4B55B188-6AA2-47B2-8D5D-6EBE467489BD}
	EndProjectSection
EndProject
Project("{8BC9CEB8-8B4A-11D0-8D11-00A0C91BC942}") = "zlib-123", "vrsUFVG_DLL\ext\zlib-123\zlib123.vcproj", "{9C64EDA7-52DA-46DF-91D9-48C21B2BE7EC}"
EndProject
Project("{2150E333-8FDC-42A3-9474-1A3956D46DE8}") = "vrsUFVG_Ext", "vrsUFVG_Ext", "{03F85735-6D97-4198-A3DE-C87D89F1F823}"
EndProject
Project("{8BC9CEB8-8B4A-11D0-8D11-00A0C91BC942}") = "szip-21", "vrsUFVG_DLL\ext\szip-21\szip-21.vcproj", "{A1508A27-F728-4FD3-AE24-828C64BBF26D}"
EndProject
Project("{8BC9CEB8-8B4A-11D0-8D11-00A0C91BC942}") = "hdf5_hldll", "vrsUFVG_DLL\ext\hdf5-184patch1\hdf5_hldll.vcproj", "{CFB2CC74-5F03-494A-84E9-6BB8D2FBC43C}"
	ProjectSection(ProjectDependencies) = postProject
		{C9535AD9-C61D-4691-A5CE-52EF359892AF} = {C9535AD9-C61D-4691-A5CE-52EF359892AF}
	EndProjectSection
EndProject
Project("{8BC9CEB8-8B4A-11D0-8D11-00A0C91BC942}") = "hdf5dll", "vrsUFVG_DLL\ext\hdf5-184patch1\hdf5dll.vcproj", "{C9535AD9-C61D-4691-A5CE-52EF359892AF}"
	ProjectSection(ProjectDependencies) = postProject
		{A1508A27-F728-4FD3-AE24-828C64BBF26D} = {A1508A27-F728-4FD3-AE24-828C64BBF26D}
		{9C64EDA7-52DA-46DF-91D9-48C21B2BE7EC} = {9C64EDA7-52DA-46DF-91D9-48C21B2BE7EC}
	EndProjectSection
EndProject
Project("{8BC9CEB8-8B4A-11D0-8D11-00A0C91BC942}") = "netcdf", "vrsUFVG_DLL\ext\netCDF-401\win32\NET\libsrc\netcdf.vcproj", "{1544CEA3-1365-4482-A719-FF5C14BBAE29}"
	ProjectSection(ProjectDependencies) = postProject
		{A1508A27-F728-4FD3-AE24-828C64BBF26D} = {A1508A27-F728-4FD3-AE24-828C64BBF26D}
		{CFB2CC74-5F03-494A-84E9-6BB8D2FBC43C} = {CFB2CC74-5F03-494A-84E9-6BB8D2FBC43C}
		{9C64EDA7-52DA-46DF-91D9-48C21B2BE7EC} = {9C64EDA7-52DA-46DF-91D9-48C21B2BE7EC}
		{C9535AD9-C61D-4691-A5CE-52EF359892AF} = {C9535AD9-C61D-4691-A5CE-52EF359892AF}
	EndProjectSection
EndProject
Project("{2150E333-8FDC-42A3-9474-1A3956D46DE8}") = "D3D Plug-ins", "D3D Plug-ins", "{CF7ADA0D-A603-42FF-AED1-65D47EEAC7CE}"
EndProject
Project("{8BC9CEB8-8B4A-11D0-8D11-00A0C91BC942}") = "dtOcean", "dtOcean\src\dtOcean.vcproj", "{637101D6-76E2-4917-B065-BDA720E0CA89}"
	ProjectSection(ProjectDependencies) = postProject
		{99A48659-70A2-4000-A3A3-93BC708055B7} = {99A48659-70A2-4000-A3A3-93BC708055B7}
		{7B1BAED0-0483-492D-BF6B-48D8FF9225D0} = {7B1BAED0-0483-492D-BF6B-48D8FF9225D0}
	EndProjectSection
EndProject
Project("{2150E333-8FDC-42A3-9474-1A3956D46DE8}") = "dtOcean_Ext", "dtOcean_Ext", "{DE7D50C9-A9AF-4B9C-A360-5AC452F2D013}"
EndProject
Project("{8BC9CEB8-8B4A-11D0-8D11-00A0C91BC942}") = "libfftss", "dtOcean\OceanExt\fftss-3.0-20071031\win32\libfftss.vcproj", "{99A48659-70A2-4000-A3A3-93BC708055B7}"
EndProject
Project("{8BC9CEB8-8B4A-11D0-8D11-00A0C91BC942}") = "osgOcean", "dtOcean\OceanExt\osgocean\src\osgOcean\osgOcean.vcproj", "{7B1BAED0-0483-492D-BF6B-48D8FF9225D0}"
	ProjectSection(ProjectDependencies) = postProject
		{99A48659-70A2-4000-A3A3-93BC708055B7} = {99A48659-70A2-4000-A3A3-93BC708055B7}
	EndProjectSection
EndProject
Project("{8BC9CEB8-8B4A-11D0-8D11-00A0C91BC942}") = "vrsVersionCTR", "vrsVersionCTR\vrsVersionCTR.vcproj", "{1571BE90-13E4-4260-8674-53E652C07B35}"
EndProject
Global
	GlobalSection(SolutionConfigurationPlatforms) = preSolution
		Debug|Win32 = Debug|Win32
		Release|Win32 = Release|Win32
	EndGlobalSection
	GlobalSection(ProjectConfigurationPlatforms) = postSolution
		{B60A960E-7989-47A2-98AD-7A25E63DC15C}.Debug|Win32.ActiveCfg = Debug|Win32
		{B60A960E-7989-47A2-98AD-7A25E63DC15C}.Debug|Win32.Build.0 = Debug|Win32
		{B60A960E-7989-47A2-98AD-7A25E63DC15C}.Release|Win32.ActiveCfg = Release|Win32
		{B60A960E-7989-47A2-98AD-7A25E63DC15C}.Release|Win32.Build.0 = Release|Win32
		{4B55B188-6AA2-47B2-8D5D-6EBE467489BD}.Debug|Win32.ActiveCfg = Debug|Win32
		{4B55B188-6AA2-47B2-8D5D-6EBE467489BD}.Debug|Win32.Build.0 = Debug|Win32
		{4B55B188-6AA2-47B2-8D5D-6EBE467489BD}.Release|Win32.ActiveCfg = Release|Win32
		{4B55B188-6AA2-47B2-8D5D-6EBE467489BD}.Release|Win32.Build.0 = Release|Win32
		{65C34AD8-08E0-4D7F-A373-957D05989BBD}.Debug|Win32.ActiveCfg = Debug|Win32
		{65C34AD8-08E0-4D7F-A373-957D05989BBD}.Debug|Win32.Build.0 = Debug|Win32
		{65C34AD8-08E0-4D7F-A373-957D05989BBD}.Release|Win32.ActiveCfg = Release|Win32
		{65C34AD8-08E0-4D7F-A373-957D05989BBD}.Release|Win32.Build.0 = Release|Win32
		{299D13B6-AF36-4AC4-A580-E04CC1521BEB}.Debug|Win32.ActiveCfg = Debug|Win32
		{299D13B6-AF36-4AC4-A580-E04CC1521BEB}.Debug|Win32.Build.0 = Debug|Win32
		{299D13B6-AF36-4AC4-A580-E04CC1521BEB}.Release|Win32.ActiveCfg = Release|Win32
		{299D13B6-AF36-4AC4-A580-E04CC1521BEB}.Release|Win32.Build.0 = Release|Win32
		{8768FEE1-E69F-4CF4-8AA4-ACC8A2E69889}.Debug|Win32.ActiveCfg = Debug|Win32
		{8768FEE1-E69F-4CF4-8AA4-ACC8A2E69889}.Debug|Win32.Build.0 = Debug|Win32
		{8768FEE1-E69F-4CF4-8AA4-ACC8A2E69889}.Release|Win32.ActiveCfg = Release|Win32
		{8768FEE1-E69F-4CF4-8AA4-ACC8A2E69889}.Release|Win32.Build.0 = Release|Win32
		{78FB8426-60E7-4B16-9D09-15EACEABD080}.Debug|Win32.ActiveCfg = Debug|Win32
		{78FB8426-60E7-4B16-9D09-15EACEABD080}.Debug|Win32.Build.0 = Debug|Win32
		{78FB8426-60E7-4B16-9D09-15EACEABD080}.Release|Win32.ActiveCfg = Release|Win32
		{78FB8426-60E7-4B16-9D09-15EACEABD080}.Release|Win32.Build.0 = Release|Win32
		{27459990-B1AB-4081-9745-04D54D1263B8}.Debug|Win32.ActiveCfg = Debug|Win32
		{27459990-B1AB-4081-9745-04D54D1263B8}.Debug|Win32.Build.0 = Debug|Win32
		{27459990-B1AB-4081-9745-04D54D1263B8}.Release|Win32.ActiveCfg = Release|Win32
		{27459990-B1AB-4081-9745-04D54D1263B8}.Release|Win32.Build.0 = Release|Win32
		{E8802376-3E48-4911-9A68-B196F982DAE4}.Debug|Win32.ActiveCfg = Debug|Win32
		{E8802376-3E48-4911-9A68-B196F982DAE4}.Debug|Win32.Build.0 = Debug|Win32
		{E8802376-3E48-4911-9A68-B196F982DAE4}.Release|Win32.ActiveCfg = Release|Win32
		{E8802376-3E48-4911-9A68-B196F982DAE4}.Release|Win32.Build.0 = Release|Win32
		{8EF826EB-DB4A-4564-BCA1-F08B8EB26C5F}.Debug|Win32.ActiveCfg = Debug|Win32
		{8EF826EB-DB4A-4564-BCA1-F08B8EB26C5F}.Debug|Win32.Build.0 = Debug|Win32
		{8EF826EB-DB4A-4564-BCA1-F08B8EB26C5F}.Release|Win32.ActiveCfg = Release|Win32
		{8EF826EB-DB4A-4564-BCA1-F08B8EB26C5F}.Release|Win32.Build.0 = Release|Win32
		{9C64EDA7-52DA-46DF-91D9-48C21B2BE7EC}.Debug|Win32.ActiveCfg = Debug|Win32
		{9C64EDA7-52DA-46DF-91D9-48C21B2BE7EC}.Debug|Win32.Build.0 = Debug|Win32
		{9C64EDA7-52DA-46DF-91D9-48C21B2BE7EC}.Release|Win32.ActiveCfg = Release|Win32
		{9C64EDA7-52DA-46DF-91D9-48C21B2BE7EC}.Release|Win32.Build.0 = Release|Win32
		{A1508A27-F728-4FD3-AE24-828C64BBF26D}.Debug|Win32.ActiveCfg = Debug|Win32
		{A1508A27-F728-4FD3-AE24-828C64BBF26D}.Debug|Win32.Build.0 = Debug|Win32
		{A1508A27-F728-4FD3-AE24-828C64BBF26D}.Release|Win32.ActiveCfg = Release|Win32
		{A1508A27-F728-4FD3-AE24-828C64BBF26D}.Release|Win32.Build.0 = Release|Win32
		{CFB2CC74-5F03-494A-84E9-6BB8D2FBC43C}.Debug|Win32.ActiveCfg = Debug|Win32
		{CFB2CC74-5F03-494A-84E9-6BB8D2FBC43C}.Debug|Win32.Build.0 = Debug|Win32
		{CFB2CC74-5F03-494A-84E9-6BB8D2FBC43C}.Release|Win32.ActiveCfg = Release|Win32
		{CFB2CC74-5F03-494A-84E9-6BB8D2FBC43C}.Release|Win32.Build.0 = Release|Win32
		{C9535AD9-C61D-4691-A5CE-52EF359892AF}.Debug|Win32.ActiveCfg = Debug|Win32
		{C9535AD9-C61D-4691-A5CE-52EF359892AF}.Debug|Win32.Build.0 = Debug|Win32
		{C9535AD9-C61D-4691-A5CE-52EF359892AF}.Release|Win32.ActiveCfg = Release|Win32
		{C9535AD9-C61D-4691-A5CE-52EF359892AF}.Release|Win32.Build.0 = Release|Win32
		{1544CEA3-1365-4482-A719-FF5C14BBAE29}.Debug|Win32.ActiveCfg = Debug|Win32
		{1544CEA3-1365-4482-A719-FF5C14BBAE29}.Debug|Win32.Build.0 = Debug|Win32
		{1544CEA3-1365-4482-A719-FF5C14BBAE29}.Release|Win32.ActiveCfg = Release|Win32
		{1544CEA3-1365-4482-A719-FF5C14BBAE29}.Release|Win32.Build.0 = Release|Win32
		{637101D6-76E2-4917-B065-BDA720E0CA89}.Debug|Win32.ActiveCfg = Debug|Win32
		{637101D6-76E2-4917-B065-BDA720E0CA89}.Debug|Win32.Build.0 = Debug|Win32
		{637101D6-76E2-4917-B065-BDA720E0CA89}.Release|Win32.ActiveCfg = Release|Win32
		{637101D6-76E2-4917-B065-BDA720E0CA89}.Release|Win32.Build.0 = Release|Win32
		{99A48659-70A2-4000-A3A3-93BC708055B7}.Debug|Win32.ActiveCfg = Debug|Win32
		{99A48659-70A2-4000-A3A3-93BC708055B7}.Debug|Win32.Build.0 = Debug|Win32
		{99A48659-70A2-4000-A3A3-93BC708055B7}.Release|Win32.ActiveCfg = Release|Win32
		{99A48659-70A2-4000-A3A3-93BC708055B7}.Release|Win32.Build.0 = Release|Win32
		{7B1BAED0-0483-492D-BF6B-48D8FF9225D0}.Debug|Win32.ActiveCfg = Debug|Win32
		{7B1BAED0-0483-492D-BF6B-48D8FF9225D0}.Debug|Win32.Build.0 = Debug|Win32
		{7B1BAED0-0483-492D-BF6B-48D8FF9225D0}.Release|Win32.ActiveCfg = Release|Win32
		{7B1BAED0-0483-492D-BF6B-48D8FF9225D0}.Release|Win32.Build.0 = Release|Win32
		{1571BE90-13E4-4260-8674-53E652C07B35}.Debug|Win32.ActiveCfg = Debug|Win32
		{1571BE90-13E4-4260-8674-53E652C07B35}.Debug|Win32.Build.0 = Debug|Win32
		{1571BE90-13E4-4260-8674-53E652C07B35}.Release|Win32.ActiveCfg = Release|Win32
		{1571BE90-13E4-4260-8674-53E652C07B35}.Release|Win32.Build.0 = Release|Win32
	EndGlobalSection
	GlobalSection(SolutionProperties) = preSolution
		HideSolutionNode = FALSE
	EndGlobalSection
	GlobalSection(NestedProjects) = preSolution
		{0420F4BF-11E6-4C2E-AE45-DB6B039DC558} = {58C1DE03-4993-4CF9-8B85-448394D5B4E9}
		{703E982A-D0D7-4089-A826-0E31A521D952} = {58C1DE03-4993-4CF9-8B85-448394D5B4E9}
		{CF7ADA0D-A603-42FF-AED1-65D47EEAC7CE} = {58C1DE03-4993-4CF9-8B85-448394D5B4E9}
		{4B55B188-6AA2-47B2-8D5D-6EBE467489BD} = {0420F4BF-11E6-4C2E-AE45-DB6B039DC558}
		{299D13B6-AF36-4AC4-A580-E04CC1521BEB} = {0420F4BF-11E6-4C2E-AE45-DB6B039DC558}
		{B60A960E-7989-47A2-98AD-7A25E63DC15C} = {0420F4BF-11E6-4C2E-AE45-DB6B039DC558}
		{1571BE90-13E4-4260-8674-53E652C07B35} = {0420F4BF-11E6-4C2E-AE45-DB6B039DC558}
		{8768FEE1-E69F-4CF4-8AA4-ACC8A2E69889} = {703E982A-D0D7-4089-A826-0E31A521D952}
		{78FB8426-60E7-4B16-9D09-15EACEABD080} = {703E982A-D0D7-4089-A826-0E31A521D952}
		{27459990-B1AB-4081-9745-04D54D1263B8} = {703E982A-D0D7-4089-A826-0E31A521D952}
		{E8802376-3E48-4911-9A68-B196F982DAE4} = {703E982A-D0D7-4089-A826-0E31A521D952}
		{65C34AD8-08E0-4D7F-A373-957D05989BBD} = {703E982A-D0D7-4089-A826-0E31A521D952}
		{8EF826EB-DB4A-4564-BCA1-F08B8EB26C5F} = {703E982A-D0D7-4089-A826-0E31A521D952}
		{03F85735-6D97-4198-A3DE-C87D89F1F823} = {703E982A-D0D7-4089-A826-0E31A521D952}
		{9C64EDA7-52DA-46DF-91D9-48C21B2BE7EC} = {03F85735-6D97-4198-A3DE-C87D89F1F823}
		{A1508A27-F728-4FD3-AE24-828C64BBF26D} = {03F85735-6D97-4198-A3DE-C87D89F1F823}
		{CFB2CC74-5F03-494A-84E9-6BB8D2FBC43C} = {03F85735-6D97-4198-A3DE-C87D89F1F823}
		{C9535AD9-C61D-4691-A5CE-52EF359892AF} = {03F85735-6D97-4198-A3DE-C87D89F1F823}
		{1544CEA3-1365-4482-A719-FF5C14BBAE29} = {03F85735-6D97-4198-A3DE-C87D89F1F823}
		{637101D6-76E2-4917-B065-BDA720E0CA89} = {CF7ADA0D-A603-42FF-AED1-65D47EEAC7CE}
		{DE7D50C9-A9AF-4B9C-A360-5AC452F2D013} = {CF7ADA0D-A603-42FF-AED1-65D47EEAC7CE}
		{99A48659-70A2-4000-A3A3-93BC708055B7} = {DE7D50C9-A9AF-4B9C-A360-5AC452F2D013}
		{7B1BAED0-0483-492D-BF6B-48D8FF9225D0} = {DE7D50C9-A9AF-4B9C-A360-5AC452F2D013}
	EndGlobalSection
EndGlobal
